github.com/fulldump/apitest v1.2.2 h1:HoUHOS8hV/5YrHLrWAiYo/d5gAZ7PH70L1wFo+EP59A=
github.com/fulldump/apitest v1.2.2/go.mod h1:hF+U2Aio8KVMIePMvgPr9tIk1ZEh/86ub43o1647tXw=
github.com/fulldump/biff v1.3.0 h1:FZDqvP8lkrCMDv/oNEH+j2unpuAY+8aXZ44GIvXYOx4=
github.com/fulldump/biff v1.3.0/go.mod h1:TnBce9eRITmnv3otdmITKeU/zmC08DxotA9s0VcJELg=
github.com/fulldump/box v0.7.0 h1:aaGVNDmEOzizQ+U9bLtL8ST7RA5mjpT9i9q9h84GgoE=
github.com/fulldump/box v0.7.0/go.mod h1:k1dcwIeNOar6zLlP9D8oF/4FjQeK8kAt7BtRUh/SrMg=
github.com/fulldump/goconfig v1.6.1 h1:3Xif582G08uAWfiLIYFLgdZ/H+lUu1kCgMaZdMM44WQ=
github.com/fulldump/goconfig v1.6.1/go.mod h1:qsSyOhlzhYkL2dJ3KWKxs1hX3Qv58Jzj8pRsIEkHmUY=
github.com/google/uuid v1.6.0 h1:NIvaJDMOsjHA8n1jAhLSgzrAzy1Hgr+hNrb57e+94F0=
github.com/google/uuid v1.6.0/go.mod h1:TIyPZe4MgqvfeYDBFedMoGGpEw/LqOeaOT+nhxU+yHo=
